
Microsoft Visual Studio Solution File, Format Version 12.00
# Visual Studio 14
VisualStudioVersion = 14.0.25420.1
MinimumVisualStudioVersion = 10.0.40219.1
Project("{FAE04EC0-301F-11D3-BF4B-00C04F79EFBC}") = "App1.Droid", "App1\App1.Droid\App1.Droid.csproj", "{B5AD0C33-30E6-471A-8B9B-826E6CAE2101}"
EndProject
Project("{FAE04EC0-301F-11D3-BF4B-00C04F79EFBC}") = "App1.iOS", "App1\App1.iOS\App1.iOS.csproj", "{41111481-853A-449C-B248-2007805F9F03}"
EndProject
Project("{FAE04EC0-301F-11D3-BF4B-00C04F79EFBC}") = "App1.WinPhone", "App1\App1.WinPhone\App1.WinPhone.csproj", "{02AC8146-D406-44A6-A7FA-35DF5DCF70D6}"
EndProject
Project("{FAE04EC0-301F-11D3-BF4B-00C04F79EFBC}") = "App1.UWP", "App1\App1.UWP\App1.UWP.csproj", "{CF7FCF72-3FC7-47E1-87F8-48E475732322}"
EndProject
Project("{FAE04EC0-301F-11D3-BF4B-00C04F79EFBC}") = "App1.Windows", "App1\App1.Windows\App1.Windows.csproj", "{8E41FCBC-0715-476F-AF3E-6555EBF7B624}"
EndProject
Project("{FAE04EC0-301F-11D3-BF4B-00C04F79EFBC}") = "App1", "App1\App1\App1.csproj", "{82CAD628-9E06-440D-83D3-5489E52177AE}"
EndProject
Global
	GlobalSection(SolutionConfigurationPlatforms) = preSolution
		Ad-Hoc|Any CPU = Ad-Hoc|Any CPU
		Ad-Hoc|ARM = Ad-Hoc|ARM
		Ad-Hoc|iPhone = Ad-Hoc|iPhone
		Ad-Hoc|iPhoneSimulator = Ad-Hoc|iPhoneSimulator
		Ad-Hoc|x64 = Ad-Hoc|x64
		Ad-Hoc|x86 = Ad-Hoc|x86
		AppStore|Any CPU = AppStore|Any CPU
		AppStore|ARM = AppStore|ARM
		AppStore|iPhone = AppStore|iPhone
		AppStore|iPhoneSimulator = AppStore|iPhoneSimulator
		AppStore|x64 = AppStore|x64
		AppStore|x86 = AppStore|x86
		Debug|Any CPU = Debug|Any CPU
		Debug|ARM = Debug|ARM
		Debug|iPhone = Debug|iPhone
		Debug|iPhoneSimulator = Debug|iPhoneSimulator
		Debug|x64 = Debug|x64
		Debug|x86 = Debug|x86
		Release|Any CPU = Release|Any CPU
		Release|ARM = Release|ARM
		Release|iPhone = Release|iPhone
		Release|iPhoneSimulator = Release|iPhoneSimulator
		Release|x64 = Release|x64
		Release|x86 = Release|x86
	EndGlobalSection
	GlobalSection(ProjectConfigurationPlatforms) = postSolution
		{B5AD0C33-30E6-471A-8B9B-826E6CAE2101}.Ad-Hoc|Any CPU.ActiveCfg = Release|Any CPU
		{B5AD0C33-30E6-471A-8B9B-826E6CAE2101}.Ad-Hoc|Any CPU.Build.0 = Release|Any CPU
		{B5AD0C33-30E6-471A-8B9B-826E6CAE2101}.Ad-Hoc|Any CPU.Deploy.0 = Release|Any CPU
		{B5AD0C33-30E6-471A-8B9B-826E6CAE2101}.Ad-Hoc|ARM.ActiveCfg = Release|Any CPU
		{B5AD0C33-30E6-471A-8B9B-826E6CAE2101}.Ad-Hoc|ARM.Build.0 = Release|Any CPU
		{B5AD0C33-30E6-471A-8B9B-826E6CAE2101}.Ad-Hoc|ARM.Deploy.0 = Release|Any CPU
		{B5AD0C33-30E6-471A-8B9B-826E6CAE2101}.Ad-Hoc|iPhone.ActiveCfg = Release|Any CPU
		{B5AD0C33-30E6-471A-8B9B-826E6CAE2101}.Ad-Hoc|iPhone.Build.0 = Release|Any CPU
		{B5AD0C33-30E6-471A-8B9B-826E6CAE2101}.Ad-Hoc|iPhone.Deploy.0 = Release|Any CPU
		{B5AD0C33-30E6-471A-8B9B-826E6CAE2101}.Ad-Hoc|iPhoneSimulator.ActiveCfg = Release|Any CPU
		{B5AD0C33-30E6-471A-8B9B-826E6CAE2101}.Ad-Hoc|iPhoneSimulator.Build.0 = Release|Any CPU
		{B5AD0C33-30E6-471A-8B9B-826E6CAE2101}.Ad-Hoc|iPhoneSimulator.Deploy.0 = Release|Any CPU
		{B5AD0C33-30E6-471A-8B9B-826E6CAE2101}.Ad-Hoc|x64.ActiveCfg = Release|Any CPU
		{B5AD0C33-30E6-471A-8B9B-826E6CAE2101}.Ad-Hoc|x64.Build.0 = Release|Any CPU
		{B5AD0C33-30E6-471A-8B9B-826E6CAE2101}.Ad-Hoc|x64.Deploy.0 = Release|Any CPU
		{B5AD0C33-30E6-471A-8B9B-826E6CAE2101}.Ad-Hoc|x86.ActiveCfg = Release|Any CPU
		{B5AD0C33-30E6-471A-8B9B-826E6CAE2101}.Ad-Hoc|x86.Build.0 = Release|Any CPU
		{B5AD0C33-30E6-471A-8B9B-826E6CAE2101}.Ad-Hoc|x86.Deploy.0 = Release|Any CPU
		{B5AD0C33-30E6-471A-8B9B-826E6CAE2101}.AppStore|Any CPU.ActiveCfg = Release|Any CPU
		{B5AD0C33-30E6-471A-8B9B-826E6CAE2101}.AppStore|Any CPU.Build.0 = Release|Any CPU
		{B5AD0C33-30E6-471A-8B9B-826E6CAE2101}.AppStore|Any CPU.Deploy.0 = Release|Any CPU
		{B5AD0C33-30E6-471A-8B9B-826E6CAE2101}.AppStore|ARM.ActiveCfg = Release|Any CPU
		{B5AD0C33-30E6-471A-8B9B-826E6CAE2101}.AppStore|ARM.Build.0 = Release|Any CPU
		{B5AD0C33-30E6-471A-8B9B-826E6CAE2101}.AppStore|ARM.Deploy.0 = Release|Any CPU
		{B5AD0C33-30E6-471A-8B9B-826E6CAE2101}.AppStore|iPhone.ActiveCfg = Release|Any CPU
		{B5AD0C33-30E6-471A-8B9B-826E6CAE2101}.AppStore|iPhone.Build.0 = Release|Any CPU
		{B5AD0C33-30E6-471A-8B9B-826E6CAE2101}.AppStore|iPhone.Deploy.0 = Release|Any CPU
		{B5AD0C33-30E6-471A-8B9B-826E6CAE2101}.AppStore|iPhoneSimulator.ActiveCfg = Release|Any CPU
		{B5AD0C33-30E6-471A-8B9B-826E6CAE2101}.AppStore|iPhoneSimulator.Build.0 = Release|Any CPU
		{B5AD0C33-30E6-471A-8B9B-826E6CAE2101}.AppStore|iPhoneSimulator.Deploy.0 = Release|Any CPU
		{B5AD0C33-30E6-471A-8B9B-826E6CAE2101}.AppStore|x64.ActiveCfg = Release|Any CPU
		{B5AD0C33-30E6-471A-8B9B-826E6CAE2101}.AppStore|x64.Build.0 = Release|Any CPU
		{B5AD0C33-30E6-471A-8B9B-826E6CAE2101}.AppStore|x64.Deploy.0 = Release|Any CPU
		{B5AD0C33-30E6-471A-8B9B-826E6CAE2101}.AppStore|x86.ActiveCfg = Release|Any CPU
		{B5AD0C33-30E6-471A-8B9B-826E6CAE2101}.AppStore|x86.Build.0 = Release|Any CPU
		{B5AD0C33-30E6-471A-8B9B-826E6CAE2101}.AppStore|x86.Deploy.0 = Release|Any CPU
		{B5AD0C33-30E6-471A-8B9B-826E6CAE2101}.Debug|Any CPU.ActiveCfg = Debug|Any CPU
		{B5AD0C33-30E6-471A-8B9B-826E6CAE2101}.Debug|Any CPU.Build.0 = Debug|Any CPU
		{B5AD0C33-30E6-471A-8B9B-826E6CAE2101}.Debug|Any CPU.Deploy.0 = Debug|Any CPU
		{B5AD0C33-30E6-471A-8B9B-826E6CAE2101}.Debug|ARM.ActiveCfg = Debug|Any CPU
		{B5AD0C33-30E6-471A-8B9B-826E6CAE2101}.Debug|ARM.Build.0 = Debug|Any CPU
		{B5AD0C33-30E6-471A-8B9B-826E6CAE2101}.Debug|ARM.Deploy.0 = Debug|Any CPU
		{B5AD0C33-30E6-471A-8B9B-826E6CAE2101}.Debug|iPhone.ActiveCfg = Debug|Any CPU
		{B5AD0C33-30E6-471A-8B9B-826E6CAE2101}.Debug|iPhone.Build.0 = Debug|Any CPU
		{B5AD0C33-30E6-471A-8B9B-826E6CAE2101}.Debug|iPhone.Deploy.0 = Debug|Any CPU
		{B5AD0C33-30E6-471A-8B9B-826E6CAE2101}.Debug|iPhoneSimulator.ActiveCfg = Debug|Any CPU
		{B5AD0C33-30E6-471A-8B9B-826E6CAE2101}.Debug|iPhoneSimulator.Build.0 = Debug|Any CPU
		{B5AD0C33-30E6-471A-8B9B-826E6CAE2101}.Debug|iPhoneSimulator.Deploy.0 = Debug|Any CPU
		{B5AD0C33-30E6-471A-8B9B-826E6CAE2101}.Debug|x64.ActiveCfg = Debug|Any CPU
		{B5AD0C33-30E6-471A-8B9B-826E6CAE2101}.Debug|x64.Build.0 = Debug|Any CPU
		{B5AD0C33-30E6-471A-8B9B-826E6CAE2101}.Debug|x64.Deploy.0 = Debug|Any CPU
		{B5AD0C33-30E6-471A-8B9B-826E6CAE2101}.Debug|x86.ActiveCfg = Debug|Any CPU
		{B5AD0C33-30E6-471A-8B9B-826E6CAE2101}.Debug|x86.Build.0 = Debug|Any CPU
		{B5AD0C33-30E6-471A-8B9B-826E6CAE2101}.Debug|x86.Deploy.0 = Debug|Any CPU
		{B5AD0C33-30E6-471A-8B9B-826E6CAE2101}.Release|Any CPU.ActiveCfg = Release|Any CPU
		{B5AD0C33-30E6-471A-8B9B-826E6CAE2101}.Release|Any CPU.Build.0 = Release|Any CPU
		{B5AD0C33-30E6-471A-8B9B-826E6CAE2101}.Release|Any CPU.Deploy.0 = Release|Any CPU
		{B5AD0C33-30E6-471A-8B9B-826E6CAE2101}.Release|ARM.ActiveCfg = Release|Any CPU
		{B5AD0C33-30E6-471A-8B9B-826E6CAE2101}.Release|ARM.Build.0 = Release|Any CPU
		{B5AD0C33-30E6-471A-8B9B-826E6CAE2101}.Release|ARM.Deploy.0 = Release|Any CPU
		{B5AD0C33-30E6-471A-8B9B-826E6CAE2101}.Release|iPhone.ActiveCfg = Release|Any CPU
		{B5AD0C33-30E6-471A-8B9B-826E6CAE2101}.Release|iPhone.Build.0 = Release|Any CPU
		{B5AD0C33-30E6-471A-8B9B-826E6CAE2101}.Release|iPhone.Deploy.0 = Release|Any CPU
		{B5AD0C33-30E6-471A-8B9B-826E6CAE2101}.Release|iPhoneSimulator.ActiveCfg = Release|Any CPU
		{B5AD0C33-30E6-471A-8B9B-826E6CAE2101}.Release|iPhoneSimulator.Build.0 = Release|Any CPU
		{B5AD0C33-30E6-471A-8B9B-826E6CAE2101}.Release|iPhoneSimulator.Deploy.0 = Release|Any CPU
		{B5AD0C33-30E6-471A-8B9B-826E6CAE2101}.Release|x64.ActiveCfg = Release|Any CPU
		{B5AD0C33-30E6-471A-8B9B-826E6CAE2101}.Release|x64.Build.0 = Release|Any CPU
		{B5AD0C33-30E6-471A-8B9B-826E6CAE2101}.Release|x64.Deploy.0 = Release|Any CPU
		{B5AD0C33-30E6-471A-8B9B-826E6CAE2101}.Release|x86.ActiveCfg = Release|Any CPU
		{B5AD0C33-30E6-471A-8B9B-826E6CAE2101}.Release|x86.Build.0 = Release|Any CPU
		{B5AD0C33-30E6-471A-8B9B-826E6CAE2101}.Release|x86.Deploy.0 = Release|Any CPU
		{41111481-853A-449C-B248-2007805F9F03}.Ad-Hoc|Any CPU.ActiveCfg = Ad-Hoc|iPhone
		{41111481-853A-449C-B248-2007805F9F03}.Ad-Hoc|ARM.ActiveCfg = Ad-Hoc|iPhone
		{41111481-853A-449C-B248-2007805F9F03}.Ad-Hoc|iPhone.ActiveCfg = Ad-Hoc|iPhone
		{41111481-853A-449C-B248-2007805F9F03}.Ad-Hoc|iPhone.Build.0 = Ad-Hoc|iPhone
		{41111481-853A-449C-B248-2007805F9F03}.Ad-Hoc|iPhoneSimulator.ActiveCfg = Ad-Hoc|iPhoneSimulator
		{41111481-853A-449C-B248-2007805F9F03}.Ad-Hoc|iPhoneSimulator.Build.0 = Ad-Hoc|iPhoneSimulator
		{41111481-853A-449C-B248-2007805F9F03}.Ad-Hoc|x64.ActiveCfg = Ad-Hoc|iPhone
		{41111481-853A-449C-B248-2007805F9F03}.Ad-Hoc|x86.ActiveCfg = Ad-Hoc|iPhone
		{41111481-853A-449C-B248-2007805F9F03}.AppStore|Any CPU.ActiveCfg = AppStore|iPhone
		{41111481-853A-449C-B248-2007805F9F03}.AppStore|ARM.ActiveCfg = AppStore|iPhone
		{41111481-853A-449C-B248-2007805F9F03}.AppStore|iPhone.ActiveCfg = AppStore|iPhone
		{41111481-853A-449C-B248-2007805F9F03}.AppStore|iPhone.Build.0 = AppStore|iPhone
		{41111481-853A-449C-B248-2007805F9F03}.AppStore|iPhoneSimulator.ActiveCfg = AppStore|iPhoneSimulator
		{41111481-853A-449C-B248-2007805F9F03}.AppStore|iPhoneSimulator.Build.0 = AppStore|iPhoneSimulator
		{41111481-853A-449C-B248-2007805F9F03}.AppStore|x64.ActiveCfg = AppStore|iPhone
		{41111481-853A-449C-B248-2007805F9F03}.AppStore|x86.ActiveCfg = AppStore|iPhone
		{41111481-853A-449C-B248-2007805F9F03}.Debug|Any CPU.ActiveCfg = Debug|iPhone
		{41111481-853A-449C-B248-2007805F9F03}.Debug|ARM.ActiveCfg = Debug|iPhone
		{41111481-853A-449C-B248-2007805F9F03}.Debug|iPhone.ActiveCfg = Debug|iPhone
		{41111481-853A-449C-B248-2007805F9F03}.Debug|iPhone.Build.0 = Debug|iPhone
		{41111481-853A-449C-B248-2007805F9F03}.Debug|iPhoneSimulator.ActiveCfg = Debug|iPhoneSimulator
		{41111481-853A-449C-B248-2007805F9F03}.Debug|iPhoneSimulator.Build.0 = Debug|iPhoneSimulator
		{41111481-853A-449C-B248-2007805F9F03}.Debug|x64.ActiveCfg = Debug|iPhone
		{41111481-853A-449C-B248-2007805F9F03}.Debug|x86.ActiveCfg = Debug|iPhone
		{41111481-853A-449C-B248-2007805F9F03}.Release|Any CPU.ActiveCfg = Release|iPhone
		{41111481-853A-449C-B248-2007805F9F03}.Release|ARM.ActiveCfg = Release|iPhone
		{41111481-853A-449C-B248-2007805F9F03}.Release|iPhone.ActiveCfg = Release|iPhone
		{41111481-853A-449C-B248-2007805F9F03}.Release|iPhone.Build.0 = Release|iPhone
		{41111481-853A-449C-B248-2007805F9F03}.Release|iPhoneSimulator.ActiveCfg = Release|iPhoneSimulator
		{41111481-853A-449C-B248-2007805F9F03}.Release|iPhoneSimulator.Build.0 = Release|iPhoneSimulator
		{41111481-853A-449C-B248-2007805F9F03}.Release|x64.ActiveCfg = Release|iPhone
		{41111481-853A-449C-B248-2007805F9F03}.Release|x86.ActiveCfg = Release|iPhone
		{02AC8146-D406-44A6-A7FA-35DF5DCF70D6}.Ad-Hoc|Any CPU.ActiveCfg = Release|Any CPU
		{02AC8146-D406-44A6-A7FA-35DF5DCF70D6}.Ad-Hoc|Any CPU.Build.0 = Release|Any CPU
		{02AC8146-D406-44A6-A7FA-35DF5DCF70D6}.Ad-Hoc|Any CPU.Deploy.0 = Release|Any CPU
		{02AC8146-D406-44A6-A7FA-35DF5DCF70D6}.Ad-Hoc|ARM.ActiveCfg = Release|ARM
		{02AC8146-D406-44A6-A7FA-35DF5DCF70D6}.Ad-Hoc|ARM.Build.0 = Release|ARM
		{02AC8146-D406-44A6-A7FA-35DF5DCF70D6}.Ad-Hoc|ARM.Deploy.0 = Release|ARM
		{02AC8146-D406-44A6-A7FA-35DF5DCF70D6}.Ad-Hoc|iPhone.ActiveCfg = Release|Any CPU
		{02AC8146-D406-44A6-A7FA-35DF5DCF70D6}.Ad-Hoc|iPhone.Build.0 = Release|Any CPU
		{02AC8146-D406-44A6-A7FA-35DF5DCF70D6}.Ad-Hoc|iPhone.Deploy.0 = Release|Any CPU
		{02AC8146-D406-44A6-A7FA-35DF5DCF70D6}.Ad-Hoc|iPhoneSimulator.ActiveCfg = Release|Any CPU
		{02AC8146-D406-44A6-A7FA-35DF5DCF70D6}.Ad-Hoc|iPhoneSimulator.Build.0 = Release|Any CPU
		{02AC8146-D406-44A6-A7FA-35DF5DCF70D6}.Ad-Hoc|iPhoneSimulator.Deploy.0 = Release|Any CPU
		{02AC8146-D406-44A6-A7FA-35DF5DCF70D6}.Ad-Hoc|x64.ActiveCfg = Release|Any CPU
		{02AC8146-D406-44A6-A7FA-35DF5DCF70D6}.Ad-Hoc|x64.Build.0 = Release|Any CPU
		{02AC8146-D406-44A6-A7FA-35DF5DCF70D6}.Ad-Hoc|x64.Deploy.0 = Release|Any CPU
		{02AC8146-D406-44A6-A7FA-35DF5DCF70D6}.Ad-Hoc|x86.ActiveCfg = Release|x86
		{02AC8146-D406-44A6-A7FA-35DF5DCF70D6}.Ad-Hoc|x86.Build.0 = Release|x86
		{02AC8146-D406-44A6-A7FA-35DF5DCF70D6}.Ad-Hoc|x86.Deploy.0 = Release|x86
		{02AC8146-D406-44A6-A7FA-35DF5DCF70D6}.AppStore|Any CPU.ActiveCfg = Release|Any CPU
		{02AC8146-D406-44A6-A7FA-35DF5DCF70D6}.AppStore|Any CPU.Build.0 = Release|Any CPU
		{02AC8146-D406-44A6-A7FA-35DF5DCF70D6}.AppStore|Any CPU.Deploy.0 = Release|Any CPU
		{02AC8146-D406-44A6-A7FA-35DF5DCF70D6}.AppStore|ARM.ActiveCfg = Release|ARM
		{02AC8146-D406-44A6-A7FA-35DF5DCF70D6}.AppStore|ARM.Build.0 = Release|ARM
		{02AC8146-D406-44A6-A7FA-35DF5DCF70D6}.AppStore|ARM.Deploy.0 = Release|ARM
		{02AC8146-D406-44A6-A7FA-35DF5DCF70D6}.AppStore|iPhone.ActiveCfg = Release|Any CPU
		{02AC8146-D406-44A6-A7FA-35DF5DCF70D6}.AppStore|iPhone.Build.0 = Release|Any CPU
		{02AC8146-D406-44A6-A7FA-35DF5DCF70D6}.AppStore|iPhone.Deploy.0 = Release|Any CPU
		{02AC8146-D406-44A6-A7FA-35DF5DCF70D6}.AppStore|iPhoneSimulator.ActiveCfg = Release|Any CPU
		{02AC8146-D406-44A6-A7FA-35DF5DCF70D6}.AppStore|iPhoneSimulator.Build.0 = Release|Any CPU
		{02AC8146-D406-44A6-A7FA-35DF5DCF70D6}.AppStore|iPhoneSimulator.Deploy.0 = Release|Any CPU
		{02AC8146-D406-44A6-A7FA-35DF5DCF70D6}.AppStore|x64.ActiveCfg = Release|Any CPU
		{02AC8146-D406-44A6-A7FA-35DF5DCF70D6}.AppStore|x64.Build.0 = Release|Any CPU
		{02AC8146-D406-44A6-A7FA-35DF5DCF70D6}.AppStore|x64.Deploy.0 = Release|Any CPU
		{02AC8146-D406-44A6-A7FA-35DF5DCF70D6}.AppStore|x86.ActiveCfg = Release|x86
		{02AC8146-D406-44A6-A7FA-35DF5DCF70D6}.AppStore|x86.Build.0 = Release|x86
		{02AC8146-D406-44A6-A7FA-35DF5DCF70D6}.AppStore|x86.Deploy.0 = Release|x86
		{02AC8146-D406-44A6-A7FA-35DF5DCF70D6}.Debug|Any CPU.ActiveCfg = Debug|Any CPU
		{02AC8146-D406-44A6-A7FA-35DF5DCF70D6}.Debug|Any CPU.Build.0 = Debug|Any CPU
		{02AC8146-D406-44A6-A7FA-35DF5DCF70D6}.Debug|Any CPU.Deploy.0 = Debug|Any CPU
		{02AC8146-D406-44A6-A7FA-35DF5DCF70D6}.Debug|ARM.ActiveCfg = Debug|ARM
		{02AC8146-D406-44A6-A7FA-35DF5DCF70D6}.Debug|ARM.Build.0 = Debug|ARM
		{02AC8146-D406-44A6-A7FA-35DF5DCF70D6}.Debug|ARM.Deploy.0 = Debug|ARM
		{02AC8146-D406-44A6-A7FA-35DF5DCF70D6}.Debug|iPhone.ActiveCfg = Debug|Any CPU
		{02AC8146-D406-44A6-A7FA-35DF5DCF70D6}.Debug|iPhone.Build.0 = Debug|Any CPU
		{02AC8146-D406-44A6-A7FA-35DF5DCF70D6}.Debug|iPhone.Deploy.0 = Debug|Any CPU
		{02AC8146-D406-44A6-A7FA-35DF5DCF70D6}.Debug|iPhoneSimulator.ActiveCfg = Debug|Any CPU
		{02AC8146-D406-44A6-A7FA-35DF5DCF70D6}.Debug|iPhoneSimulator.Build.0 = Debug|Any CPU
		{02AC8146-D406-44A6-A7FA-35DF5DCF70D6}.Debug|iPhoneSimulator.Deploy.0 = Debug|Any CPU
		{02AC8146-D406-44A6-A7FA-35DF5DCF70D6}.Debug|x64.ActiveCfg = Debug|Any CPU
		{02AC8146-D406-44A6-A7FA-35DF5DCF70D6}.Debug|x64.Build.0 = Debug|Any CPU
		{02AC8146-D406-44A6-A7FA-35DF5DCF70D6}.Debug|x64.Deploy.0 = Debug|Any CPU
		{02AC8146-D406-44A6-A7FA-35DF5DCF70D6}.Debug|x86.ActiveCfg = Debug|x86
		{02AC8146-D406-44A6-A7FA-35DF5DCF70D6}.Debug|x86.Build.0 = Debug|x86
		{02AC8146-D406-44A6-A7FA-35DF5DCF70D6}.Debug|x86.Deploy.0 = Debug|x86
		{02AC8146-D406-44A6-A7FA-35DF5DCF70D6}.Release|Any CPU.ActiveCfg = Release|Any CPU
		{02AC8146-D406-44A6-A7FA-35DF5DCF70D6}.Release|Any CPU.Build.0 = Release|Any CPU
		{02AC8146-D406-44A6-A7FA-35DF5DCF70D6}.Release|Any CPU.Deploy.0 = Release|Any CPU
		{02AC8146-D406-44A6-A7FA-35DF5DCF70D6}.Release|ARM.ActiveCfg = Release|ARM
		{02AC8146-D406-44A6-A7FA-35DF5DCF70D6}.Release|ARM.Build.0 = Release|ARM
		{02AC8146-D406-44A6-A7FA-35DF5DCF70D6}.Release|ARM.Deploy.0 = Release|ARM
		{02AC8146-D406-44A6-A7FA-35DF5DCF70D6}.Release|iPhone.ActiveCfg = Release|Any CPU
		{02AC8146-D406-44A6-A7FA-35DF5DCF70D6}.Release|iPhone.Build.0 = Release|Any CPU
		{02AC8146-D406-44A6-A7FA-35DF5DCF70D6}.Release|iPhone.Deploy.0 = Release|Any CPU
		{02AC8146-D406-44A6-A7FA-35DF5DCF70D6}.Release|iPhoneSimulator.ActiveCfg = Release|Any CPU
		{02AC8146-D406-44A6-A7FA-35DF5DCF70D6}.Release|iPhoneSimulator.Build.0 = Release|Any CPU
		{02AC8146-D406-44A6-A7FA-35DF5DCF70D6}.Release|iPhoneSimulator.Deploy.0 = Release|Any CPU
		{02AC8146-D406-44A6-A7FA-35DF5DCF70D6}.Release|x64.ActiveCfg = Release|Any CPU
		{02AC8146-D406-44A6-A7FA-35DF5DCF70D6}.Release|x64.Build.0 = Release|Any CPU
		{02AC8146-D406-44A6-A7FA-35DF5DCF70D6}.Release|x64.Deploy.0 = Release|Any CPU
		{02AC8146-D406-44A6-A7FA-35DF5DCF70D6}.Release|x86.ActiveCfg = Release|x86
		{02AC8146-D406-44A6-A7FA-35DF5DCF70D6}.Release|x86.Build.0 = Release|x86
		{02AC8146-D406-44A6-A7FA-35DF5DCF70D6}.Release|x86.Deploy.0 = Release|x86
		{CF7FCF72-3FC7-47E1-87F8-48E475732322}.Ad-Hoc|Any CPU.ActiveCfg = Release|x86
		{CF7FCF72-3FC7-47E1-87F8-48E475732322}.Ad-Hoc|Any CPU.Build.0 = Release|x86
		{CF7FCF72-3FC7-47E1-87F8-48E475732322}.Ad-Hoc|Any CPU.Deploy.0 = Release|x86
		{CF7FCF72-3FC7-47E1-87F8-48E475732322}.Ad-Hoc|ARM.ActiveCfg = Release|ARM
		{CF7FCF72-3FC7-47E1-87F8-48E475732322}.Ad-Hoc|ARM.Build.0 = Release|ARM
		{CF7FCF72-3FC7-47E1-87F8-48E475732322}.Ad-Hoc|ARM.Deploy.0 = Release|ARM
		{CF7FCF72-3FC7-47E1-87F8-48E475732322}.Ad-Hoc|iPhone.ActiveCfg = Release|x86
		{CF7FCF72-3FC7-47E1-87F8-48E475732322}.Ad-Hoc|iPhone.Build.0 = Release|x86
		{CF7FCF72-3FC7-47E1-87F8-48E475732322}.Ad-Hoc|iPhone.Deploy.0 = Release|x86
		{CF7FCF72-3FC7-47E1-87F8-48E475732322}.Ad-Hoc|iPhoneSimulator.ActiveCfg = Release|x86
		{CF7FCF72-3FC7-47E1-87F8-48E475732322}.Ad-Hoc|iPhoneSimulator.Build.0 = Release|x86
		{CF7FCF72-3FC7-47E1-87F8-48E475732322}.Ad-Hoc|iPhoneSimulator.Deploy.0 = Release|x86
		{CF7FCF72-3FC7-47E1-87F8-48E475732322}.Ad-Hoc|x64.ActiveCfg = Release|x64
		{CF7FCF72-3FC7-47E1-87F8-48E475732322}.Ad-Hoc|x64.Build.0 = Release|x64
		{CF7FCF72-3FC7-47E1-87F8-48E475732322}.Ad-Hoc|x64.Deploy.0 = Release|x64
		{CF7FCF72-3FC7-47E1-87F8-48E475732322}.Ad-Hoc|x86.ActiveCfg = Release|x86
		{CF7FCF72-3FC7-47E1-87F8-48E475732322}.Ad-Hoc|x86.Build.0 = Release|x86
		{CF7FCF72-3FC7-47E1-87F8-48E475732322}.Ad-Hoc|x86.Deploy.0 = Release|x86
		{CF7FCF72-3FC7-47E1-87F8-48E475732322}.AppStore|Any CPU.ActiveCfg = Release|x86
		{CF7FCF72-3FC7-47E1-87F8-48E475732322}.AppStore|Any CPU.Build.0 = Release|x86
		{CF7FCF72-3FC7-47E1-87F8-48E475732322}.AppStore|Any CPU.Deploy.0 = Release|x86
		{CF7FCF72-3FC7-47E1-87F8-48E475732322}.AppStore|ARM.ActiveCfg = Release|ARM
		{CF7FCF72-3FC7-47E1-87F8-48E475732322}.AppStore|ARM.Build.0 = Release|ARM
		{CF7FCF72-3FC7-47E1-87F8-48E475732322}.AppStore|ARM.Deploy.0 = Release|ARM
		{CF7FCF72-3FC7-47E1-87F8-48E475732322}.AppStore|iPhone.ActiveCfg = Release|x86
		{CF7FCF72-3FC7-47E1-87F8-48E475732322}.AppStore|iPhone.Build.0 = Release|x86
		{CF7FCF72-3FC7-47E1-87F8-48E475732322}.AppStore|iPhone.Deploy.0 = Release|x86
		{CF7FCF72-3FC7-47E1-87F8-48E475732322}.AppStore|iPhoneSimulator.ActiveCfg = Release|x86
		{CF7FCF72-3FC7-47E1-87F8-48E475732322}.AppStore|iPhoneSimulator.Build.0 = Release|x86
		{CF7FCF72-3FC7-47E1-87F8-48E475732322}.AppStore|iPhoneSimulator.Deploy.0 = Release|x86
		{CF7FCF72-3FC7-47E1-87F8-48E475732322}.AppStore|x64.ActiveCfg = Release|x64
		{CF7FCF72-3FC7-47E1-87F8-48E475732322}.AppStore|x64.Build.0 = Release|x64
		{CF7FCF72-3FC7-47E1-87F8-48E475732322}.AppStore|x64.Deploy.0 = Release|x64
		{CF7FCF72-3FC7-47E1-87F8-48E475732322}.AppStore|x86.ActiveCfg = Release|x86
		{CF7FCF72-3FC7-47E1-87F8-48E475732322}.AppStore|x86.Build.0 = Release|x86
		{CF7FCF72-3FC7-47E1-87F8-48E475732322}.AppStore|x86.Deploy.0 = Release|x86
		{CF7FCF72-3FC7-47E1-87F8-48E475732322}.Debug|Any CPU.ActiveCfg = Debug|x86
		{CF7FCF72-3FC7-47E1-87F8-48E475732322}.Debug|ARM.ActiveCfg = Debug|ARM
		{CF7FCF72-3FC7-47E1-87F8-48E475732322}.Debug|ARM.Build.0 = Debug|ARM
		{CF7FCF72-3FC7-47E1-87F8-48E475732322}.Debug|ARM.Deploy.0 = Debug|ARM
		{CF7FCF72-3FC7-47E1-87F8-48E475732322}.Debug|iPhone.ActiveCfg = Debug|x86
		{CF7FCF72-3FC7-47E1-87F8-48E475732322}.Debug|iPhoneSimulator.ActiveCfg = Debug|x86
		{CF7FCF72-3FC7-47E1-87F8-48E475732322}.Debug|x64.ActiveCfg = Debug|x64
		{CF7FCF72-3FC7-47E1-87F8-48E475732322}.Debug|x64.Build.0 = Debug|x64
		{CF7FCF72-3FC7-47E1-87F8-48E475732322}.Debug|x64.Deploy.0 = Debug|x64
		{CF7FCF72-3FC7-47E1-87F8-48E475732322}.Debug|x86.ActiveCfg = Debug|x86
		{CF7FCF72-3FC7-47E1-87F8-48E475732322}.Debug|x86.Build.0 = Debug|x86
		{CF7FCF72-3FC7-47E1-87F8-48E475732322}.Debug|x86.Deploy.0 = Debug|x86
		{CF7FCF72-3FC7-47E1-87F8-48E475732322}.Release|Any CPU.ActiveCfg = Release|x86
		{CF7FCF72-3FC7-47E1-87F8-48E475732322}.Release|ARM.ActiveCfg = Release|ARM
		{CF7FCF72-3FC7-47E1-87F8-48E475732322}.Release|ARM.Build.0 = Release|ARM
		{CF7FCF72-3FC7-47E1-87F8-48E475732322}.Release|ARM.Deploy.0 = Release|ARM
		{CF7FCF72-3FC7-47E1-87F8-48E475732322}.Release|iPhone.ActiveCfg = Release|x86
		{CF7FCF72-3FC7-47E1-87F8-48E475732322}.Release|iPhoneSimulator.ActiveCfg = Release|x86
		{CF7FCF72-3FC7-47E1-87F8-48E475732322}.Release|x64.ActiveCfg = Release|x64
		{CF7FCF72-3FC7-47E1-87F8-48E475732322}.Release|x64.Build.0 = Release|x64
		{CF7FCF72-3FC7-47E1-87F8-48E475732322}.Release|x64.Deploy.0 = Release|x64
		{CF7FCF72-3FC7-47E1-87F8-48E475732322}.Release|x86.ActiveCfg = Release|x86
		{CF7FCF72-3FC7-47E1-87F8-48E475732322}.Release|x86.Build.0 = Release|x86
		{CF7FCF72-3FC7-47E1-87F8-48E475732322}.Release|x86.Deploy.0 = Release|x86
		{8E41FCBC-0715-476F-AF3E-6555EBF7B624}.Ad-Hoc|Any CPU.ActiveCfg = Release|Any CPU
		{8E41FCBC-0715-476F-AF3E-6555EBF7B624}.Ad-Hoc|Any CPU.Build.0 = Release|Any CPU
		{8E41FCBC-0715-476F-AF3E-6555EBF7B624}.Ad-Hoc|Any CPU.Deploy.0 = Release|Any CPU
		{8E41FCBC-0715-476F-AF3E-6555EBF7B624}.Ad-Hoc|ARM.ActiveCfg = Release|ARM
		{8E41FCBC-0715-476F-AF3E-6555EBF7B624}.Ad-Hoc|ARM.Build.0 = Release|ARM
		{8E41FCBC-0715-476F-AF3E-6555EBF7B624}.Ad-Hoc|ARM.Deploy.0 = Release|ARM
		{8E41FCBC-0715-476F-AF3E-6555EBF7B624}.Ad-Hoc|iPhone.ActiveCfg = Release|Any CPU
		{8E41FCBC-0715-476F-AF3E-6555EBF7B624}.Ad-Hoc|iPhone.Build.0 = Release|Any CPU
		{8E41FCBC-0715-476F-AF3E-6555EBF7B624}.Ad-Hoc|iPhone.Deploy.0 = Release|Any CPU
		{8E41FCBC-0715-476F-AF3E-6555EBF7B624}.Ad-Hoc|iPhoneSimulator.ActiveCfg = Release|Any CPU
		{8E41FCBC-0715-476F-AF3E-6555EBF7B624}.Ad-Hoc|iPhoneSimulator.Build.0 = Release|Any CPU
		{8E41FCBC-0715-476F-AF3E-6555EBF7B624}.Ad-Hoc|iPhoneSimulator.Deploy.0 = Release|Any CPU
		{8E41FCBC-0715-476F-AF3E-6555EBF7B624}.Ad-Hoc|x64.ActiveCfg = Release|x64
		{8E41FCBC-0715-476F-AF3E-6555EBF7B624}.Ad-Hoc|x64.Build.0 = Release|x64
		{8E41FCBC-0715-476F-AF3E-6555EBF7B624}.Ad-Hoc|x64.Deploy.0 = Release|x64
		{8E41FCBC-0715-476F-AF3E-6555EBF7B624}.Ad-Hoc|x86.ActiveCfg = Release|x86
		{8E41FCBC-0715-476F-AF3E-6555EBF7B624}.Ad-Hoc|x86.Build.0 = Release|x86
		{8E41FCBC-0715-476F-AF3E-6555EBF7B624}.Ad-Hoc|x86.Deploy.0 = Release|x86
		{8E41FCBC-0715-476F-AF3E-6555EBF7B624}.AppStore|Any CPU.ActiveCfg = Release|Any CPU
		{8E41FCBC-0715-476F-AF3E-6555EBF7B624}.AppStore|Any CPU.Build.0 = Release|Any CPU
		{8E41FCBC-0715-476F-AF3E-6555EBF7B624}.AppStore|Any CPU.Deploy.0 = Release|Any CPU
		{8E41FCBC-0715-476F-AF3E-6555EBF7B624}.AppStore|ARM.ActiveCfg = Release|ARM
		{8E41FCBC-0715-476F-AF3E-6555EBF7B624}.AppStore|ARM.Build.0 = Release|ARM
		{8E41FCBC-0715-476F-AF3E-6555EBF7B624}.AppStore|ARM.Deploy.0 = Release|ARM
		{8E41FCBC-0715-476F-AF3E-6555EBF7B624}.AppStore|iPhone.ActiveCfg = Release|Any CPU
		{8E41FCBC-0715-476F-AF3E-6555EBF7B624}.AppStore|iPhone.Build.0 = Release|Any CPU
		{8E41FCBC-0715-476F-AF3E-6555EBF7B624}.AppStore|iPhone.Deploy.0 = Release|Any CPU
		{8E41FCBC-0715-476F-AF3E-6555EBF7B624}.AppStore|iPhoneSimulator.ActiveCfg = Release|Any CPU
		{8E41FCBC-0715-476F-AF3E-6555EBF7B624}.AppStore|iPhoneSimulator.Build.0 = Release|Any CPU
		{8E41FCBC-0715-476F-AF3E-6555EBF7B624}.AppStore|iPhoneSimulator.Deploy.0 = Release|Any CPU
		{8E41FCBC-0715-476F-AF3E-6555EBF7B624}.AppStore|x64.ActiveCfg = Release|x64
		{8E41FCBC-0715-476F-AF3E-6555EBF7B624}.AppStore|x64.Build.0 = Release|x64
		{8E41FCBC-0715-476F-AF3E-6555EBF7B624}.AppStore|x64.Deploy.0 = Release|x64
		{8E41FCBC-0715-476F-AF3E-6555EBF7B624}.AppStore|x86.ActiveCfg = Release|x86
		{8E41FCBC-0715-476F-AF3E-6555EBF7B624}.AppStore|x86.Build.0 = Release|x86
		{8E41FCBC-0715-476F-AF3E-6555EBF7B624}.AppStore|x86.Deploy.0 = Release|x86
		{8E41FCBC-0715-476F-AF3E-6555EBF7B624}.Debug|Any CPU.ActiveCfg = Debug|Any CPU
		{8E41FCBC-0715-476F-AF3E-6555EBF7B624}.Debug|Any CPU.Build.0 = Debug|Any CPU
		{8E41FCBC-0715-476F-AF3E-6555EBF7B624}.Debug|Any CPU.Deploy.0 = Debug|Any CPU
		{8E41FCBC-0715-476F-AF3E-6555EBF7B624}.Debug|ARM.ActiveCfg = Debug|ARM
		{8E41FCBC-0715-476F-AF3E-6555EBF7B624}.Debug|ARM.Build.0 = Debug|ARM
		{8E41FCBC-0715-476F-AF3E-6555EBF7B624}.Debug|ARM.Deploy.0 = Debug|ARM
		{8E41FCBC-0715-476F-AF3E-6555EBF7B624}.Debug|iPhone.ActiveCfg = Debug|Any CPU
		{8E41FCBC-0715-476F-AF3E-6555EBF7B624}.Debug|iPhone.Build.0 = Debug|Any CPU
		{8E41FCBC-0715-476F-AF3E-6555EBF7B624}.Debug|iPhone.Deploy.0 = Debug|Any CPU
		{8E41FCBC-0715-476F-AF3E-6555EBF7B624}.Debug|iPhoneSimulator.ActiveCfg = Debug|Any CPU
		{8E41FCBC-0715-476F-AF3E-6555EBF7B624}.Debug|iPhoneSimulator.Build.0 = Debug|Any CPU
		{8E41FCBC-0715-476F-AF3E-6555EBF7B624}.Debug|iPhoneSimulator.Deploy.0 = Debug|Any CPU
		{8E41FCBC-0715-476F-AF3E-6555EBF7B624}.Debug|x64.ActiveCfg = Debug|x64
		{8E41FCBC-0715-476F-AF3E-6555EBF7B624}.Debug|x64.Build.0 = Debug|x64
		{8E41FCBC-0715-476F-AF3E-6555EBF7B624}.Debug|x64.Deploy.0 = Debug|x64
		{8E41FCBC-0715-476F-AF3E-6555EBF7B624}.Debug|x86.ActiveCfg = Debug|x86
		{8E41FCBC-0715-476F-AF3E-6555EBF7B624}.Debug|x86.Build.0 = Debug|x86
		{8E41FCBC-0715-476F-AF3E-6555EBF7B624}.Debug|x86.Deploy.0 = Debug|x86
		{8E41FCBC-0715-476F-AF3E-6555EBF7B624}.Release|Any CPU.ActiveCfg = Release|Any CPU
		{8E41FCBC-0715-476F-AF3E-6555EBF7B624}.Release|Any CPU.Build.0 = Release|Any CPU
		{8E41FCBC-0715-476F-AF3E-6555EBF7B624}.Release|Any CPU.Deploy.0 = Release|Any CPU
		{8E41FCBC-0715-476F-AF3E-6555EBF7B624}.Release|ARM.ActiveCfg = Release|ARM
		{8E41FCBC-0715-476F-AF3E-6555EBF7B624}.Release|ARM.Build.0 = Release|ARM
		{8E41FCBC-0715-476F-AF3E-6555EBF7B624}.Release|ARM.Deploy.0 = Release|ARM
		{8E41FCBC-0715-476F-AF3E-6555EBF7B624}.Release|iPhone.ActiveCfg = Release|Any CPU
		{8E41FCBC-0715-476F-AF3E-6555EBF7B624}.Release|iPhone.Build.0 = Release|Any CPU
		{8E41FCBC-0715-476F-AF3E-6555EBF7B624}.Release|iPhone.Deploy.0 = Release|Any CPU
		{8E41FCBC-0715-476F-AF3E-6555EBF7B624}.Release|iPhoneSimulator.ActiveCfg = Release|Any CPU
		{8E41FCBC-0715-476F-AF3E-6555EBF7B624}.Release|iPhoneSimulator.Build.0 = Release|Any CPU
		{8E41FCBC-0715-476F-AF3E-6555EBF7B624}.Release|iPhoneSimulator.Deploy.0 = Release|Any CPU
		{8E41FCBC-0715-476F-AF3E-6555EBF7B624}.Release|x64.ActiveCfg = Release|x64
		{8E41FCBC-0715-476F-AF3E-6555EBF7B624}.Release|x64.Build.0 = Release|x64
		{8E41FCBC-0715-476F-AF3E-6555EBF7B624}.Release|x64.Deploy.0 = Release|x64
		{8E41FCBC-0715-476F-AF3E-6555EBF7B624}.Release|x86.ActiveCfg = Release|x86
		{8E41FCBC-0715-476F-AF3E-6555EBF7B624}.Release|x86.Build.0 = Release|x86
		{8E41FCBC-0715-476F-AF3E-6555EBF7B624}.Release|x86.Deploy.0 = Release|x86
		{82CAD628-9E06-440D-83D3-5489E52177AE}.Ad-Hoc|Any CPU.ActiveCfg = Release|Any CPU
		{82CAD628-9E06-440D-83D3-5489E52177AE}.Ad-Hoc|Any CPU.Build.0 = Release|Any CPU
		{82CAD628-9E06-440D-83D3-5489E52177AE}.Ad-Hoc|ARM.ActiveCfg = Release|Any CPU
		{82CAD628-9E06-440D-83D3-5489E52177AE}.Ad-Hoc|ARM.Build.0 = Release|Any CPU
		{82CAD628-9E06-440D-83D3-5489E52177AE}.Ad-Hoc|iPhone.ActiveCfg = Release|Any CPU
		{82CAD628-9E06-440D-83D3-5489E52177AE}.Ad-Hoc|iPhone.Build.0 = Release|Any CPU
		{82CAD628-9E06-440D-83D3-5489E52177AE}.Ad-Hoc|iPhoneSimulator.ActiveCfg = Release|Any CPU
		{82CAD628-9E06-440D-83D3-5489E52177AE}.Ad-Hoc|iPhoneSimulator.Build.0 = Release|Any CPU
		{82CAD628-9E06-440D-83D3-5489E52177AE}.Ad-Hoc|x64.ActiveCfg = Release|Any CPU
		{82CAD628-9E06-440D-83D3-5489E52177AE}.Ad-Hoc|x64.Build.0 = Release|Any CPU
		{82CAD628-9E06-440D-83D3-5489E52177AE}.Ad-Hoc|x86.ActiveCfg = Release|Any CPU
		{82CAD628-9E06-440D-83D3-5489E52177AE}.Ad-Hoc|x86.Build.0 = Release|Any CPU
		{82CAD628-9E06-440D-83D3-5489E52177AE}.AppStore|Any CPU.ActiveCfg = Release|Any CPU
		{82CAD628-9E06-440D-83D3-5489E52177AE}.AppStore|Any CPU.Build.0 = Release|Any CPU
		{82CAD628-9E06-440D-83D3-5489E52177AE}.AppStore|ARM.ActiveCfg = Release|Any CPU
		{82CAD628-9E06-440D-83D3-5489E52177AE}.AppStore|ARM.Build.0 = Release|Any CPU
		{82CAD628-9E06-440D-83D3-5489E52177AE}.AppStore|iPhone.ActiveCfg = Release|Any CPU
		{82CAD628-9E06-440D-83D3-5489E52177AE}.AppStore|iPhone.Build.0 = Release|Any CPU
		{82CAD628-9E06-440D-83D3-5489E52177AE}.AppStore|iPhoneSimulator.ActiveCfg = Release|Any CPU
		{82CAD628-9E06-440D-83D3-5489E52177AE}.AppStore|iPhoneSimulator.Build.0 = Release|Any CPU
		{82CAD628-9E06-440D-83D3-5489E52177AE}.AppStore|x64.ActiveCfg = Release|Any CPU
		{82CAD628-9E06-440D-83D3-5489E52177AE}.AppStore|x64.Build.0 = Release|Any CPU
		{82CAD628-9E06-440D-83D3-5489E52177AE}.AppStore|x86.ActiveCfg = Release|Any CPU
		{82CAD628-9E06-440D-83D3-5489E52177AE}.AppStore|x86.Build.0 = Release|Any CPU
		{82CAD628-9E06-440D-83D3-5489E52177AE}.Debug|Any CPU.ActiveCfg = Debug|Any CPU
		{82CAD628-9E06-440D-83D3-5489E52177AE}.Debug|Any CPU.Build.0 = Debug|Any CPU
		{82CAD628-9E06-440D-83D3-5489E52177AE}.Debug|ARM.ActiveCfg = Debug|Any CPU
		{82CAD628-9E06-440D-83D3-5489E52177AE}.Debug|ARM.Build.0 = Debug|Any CPU
		{82CAD628-9E06-440D-83D3-5489E52177AE}.Debug|iPhone.ActiveCfg = Debug|Any CPU
		{82CAD628-9E06-440D-83D3-5489E52177AE}.Debug|iPhone.Build.0 = Debug|Any CPU
		{82CAD628-9E06-440D-83D3-5489E52177AE}.Debug|iPhoneSimulator.ActiveCfg = Debug|Any CPU
		{82CAD628-9E06-440D-83D3-5489E52177AE}.Debug|iPhoneSimulator.Build.0 = Debug|Any CPU
		{82CAD628-9E06-440D-83D3-5489E52177AE}.Debug|x64.ActiveCfg = Debug|Any CPU
		{82CAD628-9E06-440D-83D3-5489E52177AE}.Debug|x64.Build.0 = Debug|Any CPU
		{82CAD628-9E06-440D-83D3-5489E52177AE}.Debug|x86.ActiveCfg = Debug|Any CPU
		{82CAD628-9E06-440D-83D3-5489E52177AE}.Debug|x86.Build.0 = Debug|Any CPU
		{82CAD628-9E06-440D-83D3-5489E52177AE}.Release|Any CPU.ActiveCfg = Release|Any CPU
		{82CAD628-9E06-440D-83D3-5489E52177AE}.Release|Any CPU.Build.0 = Release|Any CPU
		{82CAD628-9E06-440D-83D3-5489E52177AE}.Release|ARM.ActiveCfg = Release|Any CPU
		{82CAD628-9E06-440D-83D3-5489E52177AE}.Release|ARM.Build.0 = Release|Any CPU
		{82CAD628-9E06-440D-83D3-5489E52177AE}.Release|iPhone.ActiveCfg = Release|Any CPU
		{82CAD628-9E06-440D-83D3-5489E52177AE}.Release|iPhone.Build.0 = Release|Any CPU
		{82CAD628-9E06-440D-83D3-5489E52177AE}.Release|iPhoneSimulator.ActiveCfg = Release|Any CPU
		{82CAD628-9E06-440D-83D3-5489E52177AE}.Release|iPhoneSimulator.Build.0 = Release|Any CPU
		{82CAD628-9E06-440D-83D3-5489E52177AE}.Release|x64.ActiveCfg = Release|Any CPU
		{82CAD628-9E06-440D-83D3-5489E52177AE}.Release|x64.Build.0 = Release|Any CPU
		{82CAD628-9E06-440D-83D3-5489E52177AE}.Release|x86.ActiveCfg = Release|Any CPU
		{82CAD628-9E06-440D-83D3-5489E52177AE}.Release|x86.Build.0 = Release|Any CPU
	EndGlobalSection
	GlobalSection(SolutionProperties) = preSolution
		HideSolutionNode = FALSE
	EndGlobalSection
EndGlobal
